{
  "version": 4,
  "terraform_version": "1.13.0",
  "serial": 3,
  "lineage": "237cfe1c-4661-193b-4451-c429385e621b",
  "outputs": {
    "kubeconfig_command": {
      "value": "gcloud container clusters get-credentials eld-trip-planner-cluster --zone europe-west1-b",
      "type": "string"
    }
  },
  "resources": [
    {
      "mode": "managed",
      "type": "google_container_cluster",
      "name": "primary",
      "provider": "provider[\"registry.terraform.io/hashicorp/google\"]",
      "instances": [
        {
          "schema_version": 1,
          "attributes": {
            "addons_config": [
              {
                "cloudrun_config": [],
                "config_connector_config": [],
                "dns_cache_config": [],
                "gce_persistent_disk_csi_driver_config": [
                  {
                    "enabled": true
                  }
                ],
                "gcp_filestore_csi_driver_config": [],
                "gke_backup_agent_config": [],
                "horizontal_pod_autoscaling": [],
                "http_load_balancing": [],
                "network_policy_config": [
                  {
                    "disabled": true
                  }
                ]
              }
            ],
            "authenticator_groups_config": [],
            "binary_authorization": [
              {
                "enabled": false,
                "evaluation_mode": ""
              }
            ],
            "cluster_autoscaling": [
              {
                "auto_provisioning_defaults": [],
                "enabled": false,
                "resource_limits": []
              }
            ],
            "cluster_ipv4_cidr": "10.0.0.0/14",
            "confidential_nodes": [],
            "cost_management_config": [],
            "database_encryption": [
              {
                "key_name": "",
                "state": "DECRYPTED"
              }
            ],
            "datapath_provider": "",
            "default_max_pods_per_node": null,
            "default_snat_status": [
              {
                "disabled": false
              }
            ],
            "description": "",
            "dns_config": [],
            "enable_autopilot": false,
            "enable_binary_authorization": false,
            "enable_intranode_visibility": false,
            "enable_kubernetes_alpha": false,
            "enable_l4_ilb_subsetting": false,
            "enable_legacy_abac": false,
            "enable_shielded_nodes": true,
            "enable_tpu": false,
            "endpoint": "34.76.187.228",
            "gateway_api_config": [],
            "id": "projects/curious-clone-470108-d9/locations/europe-west1-b/clusters/eld-trip-planner-cluster",
            "initial_node_count": 1,
            "ip_allocation_policy": [],
            "label_fingerprint": "a9dc16a7",
            "location": "europe-west1-b",
            "logging_config": [
              {
                "enable_components": [
                  "SYSTEM_COMPONENTS",
                  "WORKLOADS"
                ]
              }
            ],
            "logging_service": "logging.googleapis.com/kubernetes",
            "maintenance_policy": [],
            "master_auth": [
              {
                "client_certificate": "",
                "client_certificate_config": [
                  {
                    "issue_client_certificate": false
                  }
                ],
                "client_key": "",
                "cluster_ca_certificate": "LS0tLS1CRUdJTiBDRVJUSUZJQ0FURS0tLS0tCk1JSUVMRENDQXBTZ0F3SUJBZ0lRV0lCZ2ZzYjZuckVwUCtXQmhkdk5pekFOQmdrcWhraUc5dzBCQVFzRkFEQXYKTVMwd0t3WURWUVFERXlRME56Z3dOV1l4T0Mwd05tUXpMVFJsT1RZdFlqQTVNaTB5WW1abE1EazJZVE5rTkRrdwpJQmNOTWpVd09ESTFNVE14TWpJeldoZ1BNakExTlRBNE1UZ3hOREV5TWpOYU1DOHhMVEFyQmdOVkJBTVRKRFEzCk9EQTFaakU0TFRBMlpETXROR1U1TmkxaU1Ea3lMVEppWm1Vd09UWmhNMlEwT1RDQ0FhSXdEUVlKS29aSWh2Y04KQVFFQkJRQURnZ0dQQURDQ0FZb0NnZ0dCQUozNVRaSVZjTXZkTUYwNk5WM0xBTlNYOEdVNzdDaEw3M0NlaTNBWgo4b2t4THNzSml0SnRUaGtFTDFIVGF6N0lWVVpydFpHc2lYbDd4Q3BCaVhrWTJxT2V0THU5S3Fab3FQeHBvaXBUClh0Qm00ZFUxdHVOYktMYm1NRHg0dlV1UStSREM1bUFYTUM0dTJXck5xdm9MZWRCbmtJdXk4c0duZmRSKzlNNnIKNFJiZjhkY2p4cG9JcTRNS0NQOGN4LzhYU21ETnVIVlVsVXZqSEtoQWVSQU5SejF0bWJzc2ZKV0pTdXB3c3dpcQpFb2pFTjBNNUx1SjBqOUdKa1lUV281ZkJHMDRwY3YweTBISTlMZ0JoMzFnekZHc3NkUGVKdFNnMFFxK0JtbHMwCkpXTXNJSlhXeUhuM21IYWZQaTFIS0UvL01xOGFMdHJmODh4dWc4RUsrY29mbi9ZMGtBNGZaZWhZQzFkUmY5NWwKTU92TE5GSU50dWhoUVBrVDBjZkVKb2tFbGFteWN1eVRST04zdmdEamlFWnZFdk1OdmdHZi82MGM0UXJ3SFB3VwpjdThWZmszZ1ozdEFDYmdEMk5HYVNpSGpoV24rdS9mazdDTEJ3TkhtV0RZcDhBVHVPSEZkWUV1Nk1oY1RUYk5mCnhOc2NsdUUxMXl1WkZqbFRFMEI4VlVZMGpRSURBUUFCbzBJd1FEQU9CZ05WSFE4QkFmOEVCQU1DQWdRd0R3WUQKVlIwVEFRSC9CQVV3QXdFQi96QWRCZ05WSFE0RUZnUVVGa0JKWUVrZlZkb29rWkUrRW1TL3dtZFdqdkV3RFFZSgpLb1pJaHZjTkFRRUxCUUFEZ2dHQkFCUWNZcWxONVcvYk8xckNjSkcwNEp5UzdXai80N2l4WWx4cnVRUHVnMHd4Cm9VaWcwcER2RnZxRXdWN0M2cHpxQjZ6Q3dDVHphOVFVY0JwNnJXTFBEZkcyNmtkMzhLdmR1NU5Xd2ZwdHNjZDkKckVVaWdKSWt5cWRXOE5nYkRFTnh1M3lWaUp3UXdxYTBSWDNnZ0NxK2RjQnl6Y3lxbld1RkJpWTlRVzR3NnlQKwphY1prTVlMT2dEbGp6d0NSUlZxclc3RDFvb3pnZkZCaTl0ZTg3ZU4vM3FraVZDNHRxMUNxRStyRGszK1NReU5wCnVUNU5BZGJvbml4dzlWUDZHRzkvMlpONDVoM1d5RDh1b0ZiejE5Z2hIUVBOQXNiUFN4ZTNSSE9zSjBmUDJ3NUIKRVU1R29WT0wzRDZwNU5tSE5jaDlDNUN0c2Q5Zlp1RFk4VHRjZHFsdnNFd2QvNUJqTnlCWTVQSVhVSEs4YXExRwpobHNZODNsK3RKcXdTV0pOZmc1KzZXNDRwaEw5TGdtczJGWkJyT2dDTkpmdnNNR0dWLzN2RlRGTHp4K0VDRno5ClpIVzh4N3B1OXBHa0VKTnNBTC9abDNPc1NaMVY5Rit3MlBIK0E0NFltMDVlQ3dDbWx3YWNrQnpxVU5JeVduQzUKTDh4eGJjMXNsbWkzVTkwVDNHaTRzQT09Ci0tLS0tRU5EIENFUlRJRklDQVRFLS0tLS0K"
              }
            ],
            "master_authorized_networks_config": [],
            "master_version": "1.33.2-gke.1240000",
            "mesh_certificates": [],
            "min_master_version": null,
            "monitoring_config": [
              {
                "enable_components": [
                  "SYSTEM_COMPONENTS",
                  "STORAGE",
                  "HPA",
                  "POD",
                  "DAEMONSET",
                  "DEPLOYMENT",
                  "STATEFULSET",
                  "JOBSET",
                  "KUBELET",
                  "CADVISOR",
                  "DCGM"
                ],
                "managed_prometheus": [
                  {
                    "enabled": true
                  }
                ]
              }
            ],
            "monitoring_service": "monitoring.googleapis.com/kubernetes",
            "name": "eld-trip-planner-cluster",
            "network": "projects/curious-clone-470108-d9/global/networks/default",
            "network_policy": [
              {
                "enabled": false,
                "provider": "PROVIDER_UNSPECIFIED"
              }
            ],
            "networking_mode": "ROUTES",
            "node_config": [],
            "node_locations": [],
            "node_pool": [],
            "node_pool_defaults": [
              {
                "node_config_defaults": [
                  {
                    "logging_variant": "DEFAULT"
                  }
                ]
              }
            ],
            "node_version": "1.33.2-gke.1240000",
            "notification_config": [
              {
                "pubsub": [
                  {
                    "enabled": false,
                    "filter": [],
                    "topic": ""
                  }
                ]
              }
            ],
            "operation": null,
            "private_cluster_config": [
              {
                "enable_private_endpoint": false,
                "enable_private_nodes": false,
                "master_global_access_config": [
                  {
                    "enabled": false
                  }
                ],
                "master_ipv4_cidr_block": "",
                "peering_name": "",
                "private_endpoint": "10.132.0.2",
                "private_endpoint_subnetwork": "",
                "public_endpoint": "34.76.187.228"
              }
            ],
            "private_ipv6_google_access": "",
            "project": "curious-clone-470108-d9",
            "release_channel": [
              {
                "channel": "REGULAR"
              }
            ],
            "remove_default_node_pool": true,
            "resource_labels": null,
            "resource_usage_export_config": [],
            "self_link": "https://container.googleapis.com/v1/projects/curious-clone-470108-d9/zones/europe-west1-b/clusters/eld-trip-planner-cluster",
            "service_external_ips_config": [
              {
                "enabled": false
              }
            ],
            "services_ipv4_cidr": "10.3.240.0/20",
            "subnetwork": "projects/curious-clone-470108-d9/regions/europe-west1/subnetworks/default",
            "timeouts": null,
            "tpu_ipv4_cidr_block": "",
            "vertical_pod_autoscaling": [],
            "workload_identity_config": []
          },
          "sensitive_attributes": [
            [
              {
                "type": "get_attr",
                "value": "master_auth"
              },
              {
                "type": "index",
                "value": {
                  "value": 0,
                  "type": "number"
                }
              },
              {
                "type": "get_attr",
                "value": "client_key"
              }
            ]
          ],
          "identity_schema_version": 0,
          "private": "eyJlMmJmYjczMC1lY2FhLTExZTYtOGY4OC0zNDM2M2JjN2M0YzAiOnsiY3JlYXRlIjoyNDAwMDAwMDAwMDAwLCJkZWxldGUiOjI0MDAwMDAwMDAwMDAsInJlYWQiOjI0MDAwMDAwMDAwMDAsInVwZGF0ZSI6MzYwMDAwMDAwMDAwMH0sInNjaGVtYV92ZXJzaW9uIjoiMSJ9"
        }
      ]
    },
    {
      "mode": "managed",
      "type": "google_container_node_pool",
      "name": "primary_nodes",
      "provider": "provider[\"registry.terraform.io/hashicorp/google\"]",
      "instances": [
        {
          "schema_version": 1,
          "attributes": {
            "autoscaling": [],
            "cluster": "eld-trip-planner-cluster",
            "id": "projects/curious-clone-470108-d9/locations/europe-west1-b/clusters/eld-trip-planner-cluster/nodePools/default-worker-pool",
            "initial_node_count": 2,
            "instance_group_urls": [
              "https://www.googleapis.com/compute/v1/projects/curious-clone-470108-d9/zones/europe-west1-b/instanceGroupManagers/gke-eld-trip-planner-default-worker-p-c36a2edd-grp"
            ],
            "location": "europe-west1-b",
            "managed_instance_group_urls": [
              "https://www.googleapis.com/compute/v1/projects/curious-clone-470108-d9/zones/europe-west1-b/instanceGroups/gke-eld-trip-planner-default-worker-p-c36a2edd-grp"
            ],
            "management": [
              {
                "auto_repair": true,
                "auto_upgrade": true
              }
            ],
            "max_pods_per_node": null,
            "name": "default-worker-pool",
            "name_prefix": "",
            "network_config": [],
            "node_config": [
              {
                "boot_disk_kms_key": "",
                "disk_size_gb": 100,
                "disk_type": "pd-balanced",
                "gcfs_config": [],
                "guest_accelerator": [],
                "gvnic": [],
                "image_type": "COS_CONTAINERD",
                "kubelet_config": [
                  {
                    "cpu_cfs_quota": false,
                    "cpu_cfs_quota_period": "",
                    "cpu_manager_policy": ""
                  }
                ],
                "labels": {},
                "linux_node_config": [],
                "local_ssd_count": 0,
                "logging_variant": "DEFAULT",
                "machine_type": "e2-medium",
                "metadata": {
                  "disable-legacy-endpoints": "true"
                },
                "min_cpu_platform": "",
                "node_group": "",
                "oauth_scopes": [
                  "https://www.googleapis.com/auth/cloud-platform"
                ],
                "preemptible": false,
                "reservation_affinity": [],
                "resource_labels": {
                  "goog-gke-node-pool-provisioning-model": "on-demand"
                },
                "service_account": "default",
                "shielded_instance_config": [
                  {
                    "enable_integrity_monitoring": true,
                    "enable_secure_boot": false
                  }
                ],
                "spot": false,
                "tags": null,
                "taint": [],
                "workload_metadata_config": []
              }
            ],
            "node_count": 2,
            "node_locations": [
              "europe-west1-b"
            ],
            "operation": null,
            "placement_policy": [],
            "project": "curious-clone-470108-d9",
            "timeouts": null,
            "upgrade_settings": [
              {
                "blue_green_settings": [],
                "max_surge": 1,
                "max_unavailable": 0,
                "strategy": "SURGE"
              }
            ],
            "version": "1.33.2-gke.1240000"
          },
          "sensitive_attributes": [],
          "identity_schema_version": 0,
          "private": "eyJlMmJmYjczMC1lY2FhLTExZTYtOGY4OC0zNDM2M2JjN2M0YzAiOnsiY3JlYXRlIjoxODAwMDAwMDAwMDAwLCJkZWxldGUiOjE4MDAwMDAwMDAwMDAsInVwZGF0ZSI6MTgwMDAwMDAwMDAwMH0sInNjaGVtYV92ZXJzaW9uIjoiMSJ9",
          "dependencies": [
            "google_container_cluster.primary"
          ]
        }
      ]
    }
  ],
  "check_results": null
}
